terraform init

Initializing the backend...
Initializing provider plugins...
- Reusing previous version of hashicorp/azurerm from the dependency lock file
- Reusing previous version of hashicorp/azuread from the dependency lock file
- Using previously-installed hashicorp/azuread v3.2.0
- Using previously-installed hashicorp/azurerm v4.26.0

Terraform has been successfully initialized!

You may now begin working with Terraform. Try running "terraform plan" to see  
any changes that are required for your infrastructure. All Terraform commands  
should now work.

If you ever set or change modules or backend configuration for Terraform,      
rerun this command to reinitialize your working directory. If you forget, other
commands will detect it and remind you to do so if necessary.

terraform plan -var-file="secrets.tfvars"

Terraform used the selected providers to generate the following execution plan. Resource actions are indicated with the following symbols:
  + create

Terraform will perform the following actions:

# azuread_user.users["beatriz.martin@ejemplo.onmicrosoft.com"] will be created
  + resource "azuread_user" "users" {
      + about_me                       = (known after apply)
      + account_enabled                = true
      + business_phones                = (known after apply)
      + creation_type                  = (known after apply)
      + department                     = "frontend"
      + disable_password_expiration    = false
      + disable_strong_password        = false
      + display_name                   = "Beatriz Martín"
      + external_user_state            = (known after apply)
      + force_password_change          = true
      + id                             = (known after apply)
      + im_addresses                   = (known after apply)
      + job_title                      = "n1"
      + mail                           = (known after apply)
      + mail_nickname                  = (known after apply)
      + object_id                      = (known after apply)
      + onpremises_distinguished_name  = (known after apply)
      + onpremises_domain_name         = (known after apply)
      + onpremises_immutable_id        = (known after apply)
      + onpremises_sam_account_name    = (known after apply)
      + onpremises_security_identifier = (known after apply)
      + onpremises_sync_enabled        = (known after apply)
      + onpremises_user_principal_name = (known after apply)
      + password                       = (sensitive value)
      + proxy_addresses                = (known after apply)
      + show_in_address_list           = true
      + user_principal_name            = "beatriz.martin@ejemplo.onmicrosoft.com"
      + user_type                      = (known after apply)
    }

  # azuread_user.users["laura.fernandez@ejemplo.onmicrosoft.com"] will be created
  + resource "azuread_user" "users" {
      + about_me                       = (known after apply)
      + account_enabled                = true
      + business_phones                = (known after apply)
      + creation_type                  = (known after apply)
      + department                     = "frontend"
      + disable_password_expiration    = false
      + disable_strong_password        = false
      + display_name                   = "Laura Fernández"
      + external_user_state            = (known after apply)
      + force_password_change          = true
      + id                             = (known after apply)
      + im_addresses                   = (known after apply)
      + job_title                      = "n2"
      + mail                           = (known after apply)
      + mail_nickname                  = (known after apply)
      + object_id                      = (known after apply)
      + onpremises_distinguished_name  = (known after apply)
      + onpremises_domain_name         = (known after apply)
      + onpremises_immutable_id        = (known after apply)
      + onpremises_sam_account_name    = (known after apply)
      + onpremises_security_identifier = (known after apply)
      + onpremises_sync_enabled        = (known after apply)
      + onpremises_user_principal_name = (known after apply)
      + password                       = (sensitive value)
      + proxy_addresses                = (known after apply)
      + show_in_address_list           = true
      + user_principal_name            = "laura.fernandez@ejemplo.onmicrosoft.com"
      + user_type                      = (known after apply)
    }

  # azuread_user.users["miguel.torres@ejemplo.onmicrosoft.com"] will be created
  + resource "azuread_user" "users" {
      + about_me                       = (known after apply)
      + account_enabled                = true
      + business_phones                = (known after apply)
      + creation_type                  = (known after apply)
      + department                     = "backend"
      + disable_password_expiration    = false
      + disable_strong_password        = false
      + display_name                   = "Miguel Torres"
      + external_user_state            = (known after apply)
      + force_password_change          = true
      + id                             = (known after apply)
      + im_addresses                   = (known after apply)
      + job_title                      = "n2"
      + mail                           = (known after apply)
      + mail_nickname                  = (known after apply)
      + object_id                      = (known after apply)
      + onpremises_distinguished_name  = (known after apply)
      + onpremises_domain_name         = (known after apply)
      + onpremises_immutable_id        = (known after apply)
      + onpremises_sam_account_name    = (known after apply)
      + onpremises_security_identifier = (known after apply)
      + onpremises_sync_enabled        = (known after apply)
      + onpremises_user_principal_name = (known after apply)
      + password                       = (sensitive value)
      + proxy_addresses                = (known after apply)
      + show_in_address_list           = true
      + user_principal_name            = "miguel.torres@ejemplo.onmicrosoft.com"
      + user_type                      = (known after apply)
    }

  # azuread_user.users["roberto.lopez@ejemplo.onmicrosoft.com"] will be created
  + resource "azuread_user" "users" {
      + about_me                       = (known after apply)
      + account_enabled                = true
      + business_phones                = (known after apply)
      + creation_type                  = (known after apply)
      + department                     = "backend"
      + disable_password_expiration    = false
      + disable_strong_password        = false
      + display_name                   = "Roberto López"
      + external_user_state            = (known after apply)
      + force_password_change          = true
      + id                             = (known after apply)
      + im_addresses                   = (known after apply)
      + job_title                      = "n1"
      + mail                           = (known after apply)
      + mail_nickname                  = (known after apply)
      + object_id                      = (known after apply)
      + onpremises_distinguished_name  = (known after apply)
      + onpremises_domain_name         = (known after apply)
      + onpremises_immutable_id        = (known after apply)
      + onpremises_sam_account_name    = (known after apply)
      + onpremises_security_identifier = (known after apply)
      + onpremises_sync_enabled        = (known after apply)
      + onpremises_user_principal_name = (known after apply)
      + password                       = (sensitive value)
      + proxy_addresses                = (known after apply)
      + show_in_address_list           = true
      + user_principal_name            = "roberto.lopez@ejemplo.onmicrosoft.com"
      + user_type                      = (known after apply)
    }

  # azurerm_resource_group.backend will be created
  + resource "azurerm_resource_group" "backend" {
      + id       = (known after apply)
      + location = "spaincentral"
      + name     = "backend"
      + tags     = {
          + "environment" = "dev,backend"
        }
    }

  # azurerm_resource_group.frontend will be created
  + resource "azurerm_resource_group" "frontend" {
      + id       = (known after apply)
      + location = "spaincentral"
      + name     = "frontend"
      + tags     = {
          + "environment" = "dev,frontend"
        }
    }

  # azurerm_role_assignment.usuarios["beatriz.martin@ejemplo.onmicrosoft.com"] will be created
  + resource "azurerm_role_assignment" "usuarios" {
      + condition_version                = (known after apply)
      + id                               = (known after apply)
      + name                             = (known after apply)
      + principal_id                     = (known after apply)
      + principal_type                   = (known after apply)
      + role_definition_id               = (known after apply)
      + role_definition_name             = "Reader"
      + scope                            = (known after apply)
      + skip_service_principal_aad_check = (known after apply)
    }

  # azurerm_role_assignment.usuarios["laura.fernandez@ejemplo.onmicrosoft.com"] will be created
  + resource "azurerm_role_assignment" "usuarios" {
      + condition_version                = (known after apply)
      + id                               = (known after apply)
      + name                             = (known after apply)
      + principal_id                     = (known after apply)
      + principal_type                   = (known after apply)
      + role_definition_id               = (known after apply)
      + role_definition_name             = "Contributor"
      + scope                            = (known after apply)
      + skip_service_principal_aad_check = (known after apply)
    }

  # azurerm_role_assignment.usuarios["miguel.torres@ejemplo.onmicrosoft.com"] will be created
  + resource "azurerm_role_assignment" "usuarios" {
      + condition_version                = (known after apply)
      + id                               = (known after apply)
      + name                             = (known after apply)
      + principal_id                     = (known after apply)
      + principal_type                   = (known after apply)
      + role_definition_id               = (known after apply)
      + role_definition_name             = "Contributor"
      + scope                            = (known after apply)
      + skip_service_principal_aad_check = (known after apply)
    }

  # azurerm_role_assignment.usuarios["roberto.lopez@ejemplo.onmicrosoft.com"] will be created
  + resource "azurerm_role_assignment" "usuarios" {
      + condition_version                = (known after apply)
      + id                               = (known after apply)
      + name                             = (known after apply)
      + principal_id                     = (known after apply)
      + principal_type                   = (known after apply)
      + role_definition_id               = (known after apply)
      + role_definition_name             = "Reader"
      + scope                            = (known after apply)
      + skip_service_principal_aad_check = (known after apply)
    }

Plan: 10 to add, 0 to change, 0 to destroy.

────────────────────────────────────────────────────────────────────────────────────────────────────────────────────────────────────────────────── 

Note: You didn't use the -out option to save this plan, so Terraform can't guarantee to take exactly these actions if you run "terraform apply"    
now.

terraform apply -var-file="secrets.tfvars"

Do you want to perform these actions?
  Terraform will perform the actions described above.
  Only 'yes' will be accepted to approve.

  Enter a value: yes

azuread_user.users["beatriz.martin@ejemplo.onmicrosoft.com"]: Creating...
azuread_user.users["roberto.lopez@ejemplo.onmicrosoft.com"]: Creating...
azuread_user.users["miguel.torres@ejemplo.onmicrosoft.com"]: Creating...
azuread_user.users["laura.fernandez@ejemplo.onmicrosoft.com"]: Creating...
azuread_user.users["beatriz.martin@ejemplo.onmicrosoft.com"]: Still creating... [11s elapsed]
azuread_user.users["roberto.lopez@ejemplo.onmicrosoft.com"]: Still creating... [10s elapsed]
azuread_user.users["miguel.torres@ejemplo.onmicrosoft.com"]: Still creating... [10s elapsed]
azuread_user.users["laura.fernandez@ejemplo.onmicrosoft.com"]: Still creating... [10s elapsed]
azurerm_resource_group.frontend: Creating...
azurerm_resource_group.backend: Creating...
azuread_user.users["beatriz.martin@ejemplo.onmicrosoft.com"]: Still creating... [21s elapsed]
azuread_user.users["roberto.lopez@ejemplo.onmicrosoft.com"]: Still creating... [20s elapsed]
azuread_user.users["miguel.torres@ejemplo.onmicrosoft.com"]: Still creating... [20s elapsed]
azuread_user.users["laura.fernandez@ejemplo.onmicrosoft.com"]: Still creating... [20s elapsed]
azurerm_resource_group.backend: Still creating... [10s elapsed]
azurerm_resource_group.frontend: Still creating... [10s elapsed]
azurerm_resource_group.frontend: Creation complete after 11s [id=/subscriptions/XXXXXXXX-XXXX-XXXX-XXXXXXXX/resourceGroups/frontend]
azurerm_resource_group.backend: Creation complete after 11s [id=/subscriptions/XXXXXXXX-XXXX-XXXX-XXXXXXXX/resourceGroups/backend]
azuread_user.users["beatriz.martin@ejemplo.onmicrosoft.com"]: Creation complete after 23s [id=/users/7a115102-eaee-486e-8714-300d205e75e9]
azuread_user.users["roberto.lopez@ejemplo.onmicrosoft.com"]: Creation complete after 22s [id=/users/416f60c9-04cc-446a-8186-1e1666979e4c]
azuread_user.users["miguel.torres@ejemplo.onmicrosoft.com"]: Creation complete after 22s [id=/users/9ba40b47-c1f3-4222-b2f1-ebba53a75903]
azuread_user.users["laura.fernandez@ejemplo.onmicrosoft.com"]: Creation complete after 22s [id=/users/e2b29ca2-feb4-4244-8657-2d20d56972a2]
azurerm_role_assignment.usuarios["roberto.lopez@ejemplo.onmicrosoft.com"]: Creating...
azurerm_role_assignment.usuarios["laura.fernandez@ejemplo.onmicrosoft.com"]: Creating...
azurerm_role_assignment.usuarios["miguel.torres@ejemplo.onmicrosoft.com"]: Creating...
azurerm_role_assignment.usuarios["beatriz.martin@ejemplo.onmicrosoft.com"]: Creating...
azurerm_role_assignment.usuarios["roberto.lopez@ejemplo.onmicrosoft.com"]: Still creating... [10s elapsed]
azurerm_role_assignment.usuarios["laura.fernandez@ejemplo.onmicrosoft.com"]: Still creating... [10s elapsed]
azurerm_role_assignment.usuarios["miguel.torres@ejemplo.onmicrosoft.com"]: Still creating... [10s elapsed]
azurerm_role_assignment.usuarios["beatriz.martin@ejemplo.onmicrosoft.com"]: Still creating... [10s elapsed]
azurerm_role_assignment.usuarios["roberto.lopez@ejemplo.onmicrosoft.com"]: Still creating... [20s elapsed]
azurerm_role_assignment.usuarios["laura.fernandez@ejemplo.onmicrosoft.com"]: Still creating... [20s elapsed]
azurerm_role_assignment.usuarios["miguel.torres@ejemplo.onmicrosoft.com"]: Still creating... [20s elapsed]
azurerm_role_assignment.usuarios["beatriz.martin@ejemplo.onmicrosoft.com"]: Still creating... [20s elapsed]
azurerm_role_assignment.usuarios["miguel.torres@ejemplo.onmicrosoft.com"]: Creation complete after 28s [id=/subscriptions/XXXXXXXX-XXXX-XXXX-XXXXXXXX/resourceGroups/backend/providers/Microsoft.Authorization/roleAssignments/d1076e56-33b4-fdfa-1e67-45a3731ab8d2]        
azurerm_role_assignment.usuarios["roberto.lopez@ejemplo.onmicrosoft.com"]: Creation complete after 29s [id=/subscriptions/XXXXXXXX-XXXX-XXXX-XXXXXXXX/resourceGroups/backend/providers/Microsoft.Authorization/roleAssignments/b3b951e8-ad60-926a-a006-905fadb23db0]        
azurerm_role_assignment.usuarios["beatriz.martin@ejemplo.onmicrosoft.com"]: Creation complete after 29s [id=/subscriptions/XXXXXXXX-XXXX-XXXX-XXXXXXXX/resourceGroups/frontend/providers/Microsoft.Authorization/roleAssignments/42c59e29-ddaf-76d8-6b04-08423dcc5ee6]      
azurerm_role_assignment.usuarios["laura.fernandez@ejemplo.onmicrosoft.com"]: Creation complete after 30s [id=/subscriptions/XXXXXXXX-XXXX-XXXX-XXXXXXXX/resourceGroups/frontend/providers/Microsoft.Authorization/roleAssignments/7152eb5f-4380-dd19-d076-24c0b7068250]     

Apply complete! Resources: 10 added, 0 changed, 0 destroyed.
